
Microsoft Visual Studio Solution File, Format Version 12.00
# Visual Studio Version 17
VisualStudioVersion = 17.10.35122.118
MinimumVisualStudioVersion = 10.0.40219.1
Project("{F184B08F-C81C-45F6-A57F-5ABD9991F28F}") = "WpfDex", "WpfDex\WpfDex.vbproj", "{4E533099-5D10-498A-A81B-947F16E4E35B}"
EndProject
Global
	GlobalSection(SolutionConfigurationPlatforms) = preSolution
		Debug|Any CPU = Debug|Any CPU
		Release|Any CPU = Release|Any CPU
	EndGlobalSection
	GlobalSection(ProjectConfigurationPlatforms) = postSolution
		{4E533099-5D10-498A-A81B-947F16E4E35B}.Debug|Any CPU.ActiveCfg = Debug|Any CPU
		{4E533099-5D10-498A-A81B-947F16E4E35B}.Debug|Any CPU.Build.0 = Debug|Any CPU
		{4E533099-5D10-498A-A81B-947F16E4E35B}.Release|Any CPU.ActiveCfg = Release|Any CPU
		{4E533099-5D10-498A-A81B-947F16E4E35B}.Release|Any CPU.Build.0 = Release|Any CPU
	EndGlobalSection
	GlobalSection(SolutionProperties) = preSolution
		HideSolutionNode = FALSE
	EndGlobalSection
	GlobalSection(ExtensibilityGlobals) = postSolution
		SolutionGuid = {A3A37623-2153-438C-B86D-93237D8C6E81}
	EndGlobalSection
EndGlobal
